
Microsoft Visual Studio Solution File, Format Version 12.00
# Visual Studio Version 17
VisualStudioVersion = 17.4.33213.308
MinimumVisualStudioVersion = 10.0.40219.1
Project("{FAE04EC0-301F-11D3-BF4B-00C04F79EFBC}") = "StajDemo1", "StajDemo1\StajDemo1.csproj", "{5A938785-AE43-4F10-B85D-85E39207B0D6}"
EndProject
Global
	GlobalSection(SolutionConfigurationPlatforms) = preSolution
		Debug|Any CPU = Debug|Any CPU
		Release|Any CPU = Release|Any CPU
	EndGlobalSection
	GlobalSection(ProjectConfigurationPlatforms) = postSolution
		{5A938785-AE43-4F10-B85D-85E39207B0D6}.Debug|Any CPU.ActiveCfg = Debug|Any CPU
		{5A938785-AE43-4F10-B85D-85E39207B0D6}.Debug|Any CPU.Build.0 = Debug|Any CPU
		{5A938785-AE43-4F10-B85D-85E39207B0D6}.Release|Any CPU.ActiveCfg = Release|Any CPU
		{5A938785-AE43-4F10-B85D-85E39207B0D6}.Release|Any CPU.Build.0 = Release|Any CPU
	EndGlobalSection
	GlobalSection(SolutionProperties) = preSolution
		HideSolutionNode = FALSE
	EndGlobalSection
	GlobalSection(ExtensibilityGlobals) = postSolution
		SolutionGuid = {3F0E9218-B216-437B-8794-AD7C75D094EC}
	EndGlobalSection
EndGlobal
